
Microsoft Visual Studio Solution File, Format Version 12.00
# Visual Studio Version 16
VisualStudioVersion = 16.0.30523.141
MinimumVisualStudioVersion = 10.0.40219.1
Project("{F184B08F-C81C-45F6-A57F-5ABD9991F28F}") = "Cómo te llamas", "Cómo te llamas\Cómo te llamas.vbproj", "{23C47AF5-03F1-45BC-9EB3-7BD2F472811B}"
EndProject
Global
	GlobalSection(SolutionConfigurationPlatforms) = preSolution
		Debug|Any CPU = Debug|Any CPU
		Release|Any CPU = Release|Any CPU
	EndGlobalSection
	GlobalSection(ProjectConfigurationPlatforms) = postSolution
		{23C47AF5-03F1-45BC-9EB3-7BD2F472811B}.Debug|Any CPU.ActiveCfg = Debug|Any CPU
		{23C47AF5-03F1-45BC-9EB3-7BD2F472811B}.Debug|Any CPU.Build.0 = Debug|Any CPU
		{23C47AF5-03F1-45BC-9EB3-7BD2F472811B}.Release|Any CPU.ActiveCfg = Release|Any CPU
		{23C47AF5-03F1-45BC-9EB3-7BD2F472811B}.Release|Any CPU.Build.0 = Release|Any CPU
	EndGlobalSection
	GlobalSection(SolutionProperties) = preSolution
		HideSolutionNode = FALSE
	EndGlobalSection
	GlobalSection(ExtensibilityGlobals) = postSolution
		SolutionGuid = {462C1CC5-BB6B-4F25-812A-53E26073C5D9}
	EndGlobalSection
EndGlobal
